Microsoft Visual Studio Solution File, Format Version 12.00
# Visual Studio Version 17
VisualStudioVersion = 17.5.2.0
MinimumVisualStudioVersion = 10.0.40219.1
Project("{FAE04EC0-301F-11D3-BF4B-00C04F79EFBC}") = "BellumCivile", "BellumCivile.csproj", "{C99375C8-DEE1-8D1C-C08A-D1F2EF7ECDBD}"
EndProject
Project("{FAE04EC0-301F-11D3-BF4B-00C04F79EFBC}") = "BellumCivile.NavalDLCPatch", "BellumCivile.NavalDLCPatch\BellumCivile.NavalDLCPatch.csproj", "{904473AA-432A-474D-B9D4-18D3020FE7AF}"
EndProject
Global
	GlobalSection(SolutionConfigurationPlatforms) = preSolution
		Debug|Any CPU = Debug|Any CPU
		Release|Any CPU = Release|Any CPU
	EndGlobalSection
	GlobalSection(ProjectConfigurationPlatforms) = postSolution
		{C99375C8-DEE1-8D1C-C08A-D1F2EF7ECDBD}.Debug|Any CPU.ActiveCfg = Debug|Any CPU
		{C99375C8-DEE1-8D1C-C08A-D1F2EF7ECDBD}.Debug|Any CPU.Build.0 = Debug|Any CPU
		{C99375C8-DEE1-8D1C-C08A-D1F2EF7ECDBD}.Release|Any CPU.ActiveCfg = Release|Any CPU
		{C99375C8-DEE1-8D1C-C08A-D1F2EF7ECDBD}.Release|Any CPU.Build.0 = Release|Any CPU
		{904473AA-432A-474D-B9D4-18D3020FE7AF}.Debug|Any CPU.ActiveCfg = Debug|Any CPU
		{904473AA-432A-474D-B9D4-18D3020FE7AF}.Debug|Any CPU.Build.0 = Debug|Any CPU
		{904473AA-432A-474D-B9D4-18D3020FE7AF}.Release|Any CPU.ActiveCfg = Release|Any CPU
		{904473AA-432A-474D-B9D4-18D3020FE7AF}.Release|Any CPU.Build.0 = Release|Any CPU
	EndGlobalSection
	GlobalSection(SolutionProperties) = preSolution
		HideSolutionNode = FALSE
	EndGlobalSection
	GlobalSection(ExtensibilityGlobals) = postSolution
		SolutionGuid = {A3D7C4F7-4511-4534-A4B5-F791F45DE9BC}
	EndGlobalSection
EndGlobal
